github.com/atla/dunggogen/cmd/gen v0.0.0-20190727125659-7e8a2cf73a5b h1:8MLptmxV0g1Gp3kCak7FGJlAPaH90ta9foWKiFQaoKY=
github.com/atla/dunggogen/cmd/gen v0.0.0-20190727125659-7e8a2cf73a5b/go.mod h1:roiPP84YykblpVGddnaYFxX248r4kQmoVmmQjIO21oU=
github.com/atla/dunggogen/pkg/dungeon v0.0.0-20190727125659-7e8a2cf73a5b h1:TaofzJCT3S71uFWFeM/C9pXzC/5XvCdOxSdgpY+r4NE=
github.com/atla/dunggogen/pkg/dungeon v0.0.0-20190727125659-7e8a2cf73a5b/go.mod h1:nEp5UB77ZWkpV2CVFW4l8NdbU+2orsyrFSnjALy88l0=
